
Microsoft Visual Studio Solution File, Format Version 12.00
# Visual Studio Version 16
VisualStudioVersion = 16.0.30413.136
MinimumVisualStudioVersion = 10.0.40219.1
Project("{FAE04EC0-301F-11D3-BF4B-00C04F79EFBC}") = "COMP2003-2020-GroupF-Mobile.Android", "COMP2003-2020-GroupF-Mobile\COMP2003-2020-GroupF-Mobile.Android\COMP2003-2020-GroupF-Mobile.Android.csproj", "{B61F64B8-8A78-4193-BB5D-513E5FF66164}"
EndProject
Project("{FAE04EC0-301F-11D3-BF4B-00C04F79EFBC}") = "COMP2003-2020-GroupF-Mobile.iOS", "COMP2003-2020-GroupF-Mobile\COMP2003-2020-GroupF-Mobile.iOS\COMP2003-2020-GroupF-Mobile.iOS.csproj", "{9C1C70BF-F2C9-4066-A494-3DF0DC12469B}"
EndProject
Project("{FAE04EC0-301F-11D3-BF4B-00C04F79EFBC}") = "COMP2003-2020-GroupF-Mobile", "COMP2003-2020-GroupF-Mobile\COMP2003-2020-GroupF-Mobile\COMP2003-2020-GroupF-Mobile.csproj", "{8402BF27-B27C-4E79-B6D0-A32C1D8DCEE6}"
EndProject
Global
	GlobalSection(SolutionConfigurationPlatforms) = preSolution
		Debug|Any CPU = Debug|Any CPU
		Debug|iPhone = Debug|iPhone
		Debug|iPhoneSimulator = Debug|iPhoneSimulator
		Release|Any CPU = Release|Any CPU
		Release|iPhone = Release|iPhone
		Release|iPhoneSimulator = Release|iPhoneSimulator
	EndGlobalSection
	GlobalSection(ProjectConfigurationPlatforms) = postSolution
		{B61F64B8-8A78-4193-BB5D-513E5FF66164}.Debug|Any CPU.ActiveCfg = Debug|Any CPU
		{B61F64B8-8A78-4193-BB5D-513E5FF66164}.Debug|Any CPU.Build.0 = Debug|Any CPU
		{B61F64B8-8A78-4193-BB5D-513E5FF66164}.Debug|Any CPU.Deploy.0 = Debug|Any CPU
		{B61F64B8-8A78-4193-BB5D-513E5FF66164}.Debug|iPhone.ActiveCfg = Debug|Any CPU
		{B61F64B8-8A78-4193-BB5D-513E5FF66164}.Debug|iPhone.Build.0 = Debug|Any CPU
		{B61F64B8-8A78-4193-BB5D-513E5FF66164}.Debug|iPhone.Deploy.0 = Debug|Any CPU
		{B61F64B8-8A78-4193-BB5D-513E5FF66164}.Debug|iPhoneSimulator.ActiveCfg = Debug|Any CPU
		{B61F64B8-8A78-4193-BB5D-513E5FF66164}.Debug|iPhoneSimulator.Build.0 = Debug|Any CPU
		{B61F64B8-8A78-4193-BB5D-513E5FF66164}.Debug|iPhoneSimulator.Deploy.0 = Debug|Any CPU
		{B61F64B8-8A78-4193-BB5D-513E5FF66164}.Release|Any CPU.ActiveCfg = Release|Any CPU
		{B61F64B8-8A78-4193-BB5D-513E5FF66164}.Release|Any CPU.Build.0 = Release|Any CPU
		{B61F64B8-8A78-4193-BB5D-513E5FF66164}.Release|Any CPU.Deploy.0 = Release|Any CPU
		{B61F64B8-8A78-4193-BB5D-513E5FF66164}.Release|iPhone.ActiveCfg = Release|Any CPU
		{B61F64B8-8A78-4193-BB5D-513E5FF66164}.Release|iPhone.Build.0 = Release|Any CPU
		{B61F64B8-8A78-4193-BB5D-513E5FF66164}.Release|iPhone.Deploy.0 = Release|Any CPU
		{B61F64B8-8A78-4193-BB5D-513E5FF66164}.Release|iPhoneSimulator.ActiveCfg = Release|Any CPU
		{B61F64B8-8A78-4193-BB5D-513E5FF66164}.Release|iPhoneSimulator.Build.0 = Release|Any CPU
		{B61F64B8-8A78-4193-BB5D-513E5FF66164}.Release|iPhoneSimulator.Deploy.0 = Release|Any CPU
		{9C1C70BF-F2C9-4066-A494-3DF0DC12469B}.Debug|Any CPU.ActiveCfg = Debug|iPhone
		{9C1C70BF-F2C9-4066-A494-3DF0DC12469B}.Debug|Any CPU.Build.0 = Debug|iPhone
		{9C1C70BF-F2C9-4066-A494-3DF0DC12469B}.Debug|Any CPU.Deploy.0 = Debug|iPhone
		{9C1C70BF-F2C9-4066-A494-3DF0DC12469B}.Debug|iPhone.ActiveCfg = Debug|iPhone
		{9C1C70BF-F2C9-4066-A494-3DF0DC12469B}.Debug|iPhone.Build.0 = Debug|iPhone
		{9C1C70BF-F2C9-4066-A494-3DF0DC12469B}.Debug|iPhone.Deploy.0 = Debug|iPhone
		{9C1C70BF-F2C9-4066-A494-3DF0DC12469B}.Debug|iPhoneSimulator.ActiveCfg = Debug|iPhoneSimulator
		{9C1C70BF-F2C9-4066-A494-3DF0DC12469B}.Debug|iPhoneSimulator.Build.0 = Debug|iPhoneSimulator
		{9C1C70BF-F2C9-4066-A494-3DF0DC12469B}.Debug|iPhoneSimulator.Deploy.0 = Debug|iPhoneSimulator
		{9C1C70BF-F2C9-4066-A494-3DF0DC12469B}.Release|Any CPU.ActiveCfg = Release|iPhone
		{9C1C70BF-F2C9-4066-A494-3DF0DC12469B}.Release|Any CPU.Build.0 = Release|iPhone
		{9C1C70BF-F2C9-4066-A494-3DF0DC12469B}.Release|Any CPU.Deploy.0 = Release|iPhone
		{9C1C70BF-F2C9-4066-A494-3DF0DC12469B}.Release|iPhone.ActiveCfg = Release|iPhone
		{9C1C70BF-F2C9-4066-A494-3DF0DC12469B}.Release|iPhone.Build.0 = Release|iPhone
		{9C1C70BF-F2C9-4066-A494-3DF0DC12469B}.Release|iPhone.Deploy.0 = Release|iPhone
		{9C1C70BF-F2C9-4066-A494-3DF0DC12469B}.Release|iPhoneSimulator.ActiveCfg = Release|iPhoneSimulator
		{9C1C70BF-F2C9-4066-A494-3DF0DC12469B}.Release|iPhoneSimulator.Build.0 = Release|iPhoneSimulator
		{9C1C70BF-F2C9-4066-A494-3DF0DC12469B}.Release|iPhoneSimulator.Deploy.0 = Release|iPhoneSimulator
		{8402BF27-B27C-4E79-B6D0-A32C1D8DCEE6}.Debug|Any CPU.ActiveCfg = Debug|Any CPU
		{8402BF27-B27C-4E79-B6D0-A32C1D8DCEE6}.Debug|Any CPU.Build.0 = Debug|Any CPU
		{8402BF27-B27C-4E79-B6D0-A32C1D8DCEE6}.Debug|Any CPU.Deploy.0 = Debug|Any CPU
		{8402BF27-B27C-4E79-B6D0-A32C1D8DCEE6}.Debug|iPhone.ActiveCfg = Debug|Any CPU
		{8402BF27-B27C-4E79-B6D0-A32C1D8DCEE6}.Debug|iPhone.Build.0 = Debug|Any CPU
		{8402BF27-B27C-4E79-B6D0-A32C1D8DCEE6}.Debug|iPhone.Deploy.0 = Debug|Any CPU
		{8402BF27-B27C-4E79-B6D0-A32C1D8DCEE6}.Debug|iPhoneSimulator.ActiveCfg = Debug|Any CPU
		{8402BF27-B27C-4E79-B6D0-A32C1D8DCEE6}.Debug|iPhoneSimulator.Build.0 = Debug|Any CPU
		{8402BF27-B27C-4E79-B6D0-A32C1D8DCEE6}.Debug|iPhoneSimulator.Deploy.0 = Debug|Any CPU
		{8402BF27-B27C-4E79-B6D0-A32C1D8DCEE6}.Release|Any CPU.ActiveCfg = Release|Any CPU
		{8402BF27-B27C-4E79-B6D0-A32C1D8DCEE6}.Release|Any CPU.Build.0 = Release|Any CPU
		{8402BF27-B27C-4E79-B6D0-A32C1D8DCEE6}.Release|Any CPU.Deploy.0 = Release|Any CPU
		{8402BF27-B27C-4E79-B6D0-A32C1D8DCEE6}.Release|iPhone.ActiveCfg = Release|Any CPU
		{8402BF27-B27C-4E79-B6D0-A32C1D8DCEE6}.Release|iPhone.Build.0 = Release|Any CPU
		{8402BF27-B27C-4E79-B6D0-A32C1D8DCEE6}.Release|iPhone.Deploy.0 = Release|Any CPU
		{8402BF27-B27C-4E79-B6D0-A32C1D8DCEE6}.Release|iPhoneSimulator.ActiveCfg = Release|Any CPU
		{8402BF27-B27C-4E79-B6D0-A32C1D8DCEE6}.Release|iPhoneSimulator.Build.0 = Release|Any CPU
		{8402BF27-B27C-4E79-B6D0-A32C1D8DCEE6}.Release|iPhoneSimulator.Deploy.0 = Release|Any CPU
	EndGlobalSection
	GlobalSection(SolutionProperties) = preSolution
		HideSolutionNode = FALSE
	EndGlobalSection
	GlobalSection(ExtensibilityGlobals) = postSolution
		SolutionGuid = {9DE54639-B746-4F5B-B063-2CED8D9587E1}
	EndGlobalSection
EndGlobal
